
Microsoft Visual Studio Solution File, Format Version 12.00
# Visual Studio Version 16
VisualStudioVersion = 16.0.31105.61
MinimumVisualStudioVersion = 10.0.40219.1
Project("{FAE04EC0-301F-11D3-BF4B-00C04F79EFBC}") = "ConvertPdfToJpeg", "ConvertPdfToJpeg\ConvertPdfToJpeg.csproj", "{380C0503-27B2-48DE-BAD1-32774A9033E2}"
EndProject
Global
	GlobalSection(SolutionConfigurationPlatforms) = preSolution
		Debug|Any CPU = Debug|Any CPU
		Release|Any CPU = Release|Any CPU
	EndGlobalSection
	GlobalSection(ProjectConfigurationPlatforms) = postSolution
		{380C0503-27B2-48DE-BAD1-32774A9033E2}.Debug|Any CPU.ActiveCfg = Debug|Any CPU
		{380C0503-27B2-48DE-BAD1-32774A9033E2}.Debug|Any CPU.Build.0 = Debug|Any CPU
		{380C0503-27B2-48DE-BAD1-32774A9033E2}.Release|Any CPU.ActiveCfg = Release|Any CPU
		{380C0503-27B2-48DE-BAD1-32774A9033E2}.Release|Any CPU.Build.0 = Release|Any CPU
	EndGlobalSection
	GlobalSection(SolutionProperties) = preSolution
		HideSolutionNode = FALSE
	EndGlobalSection
	GlobalSection(ExtensibilityGlobals) = postSolution
		SolutionGuid = {182E0934-B7A8-451B-B9E3-D2CD4E1C8685}
	EndGlobalSection
EndGlobal
